PODS:
  - AFNetworking (3.2.1):
    - AFNetworking/NSURLSession (= 3.2.1)
    - AFNetworking/Reachability (= 3.2.1)
    - AFNetworking/Security (= 3.2.1)
    - AFNetworking/Serialization (= 3.2.1)
    - AFNetworking/UIKit (= 3.2.1)
  - AFNetworking/NSURLSession (3.2.1):
    - AFNetworking/Reachability
    - AFNetworking/Security
    - AFNetworking/Serialization
  - AFNetworking/Reachability (3.2.1)
  - AFNetworking/Security (3.2.1)
  - AFNetworking/Serialization (3.2.1)
  - AFNetworking/UIKit (3.2.1):
    - AFNetworking/NSURLSession
  - CocoaAsyncSocket (7.6.3)
  - CocoaLumberjack (3.0.0):
    - CocoaLumberjack/Default (= 3.0.0)
    - CocoaLumberjack/Extensions (= 3.0.0)
  - CocoaLumberjack/Core (3.0.0)
  - CocoaLumberjack/Default (3.0.0):
    - CocoaLumberjack/Core
  - CocoaLumberjack/Extensions (3.0.0):
    - CocoaLumberjack/Default
  - Firebase/Core (4.13.0):
    - FirebaseAnalytics (= 4.2.0)
    - FirebaseCore (= 4.0.20)
  - Firebase/Messaging (4.13.0):
    - Firebase/Core
    - FirebaseMessaging (= 2.2.0)
  - FirebaseAnalytics (4.2.0):
    - FirebaseCore (~> 4.0)
    - FirebaseInstanceID (~> 2.0)
    - "GoogleToolboxForMac/NSData+zlib (~> 2.1)"
    - nanopb (~> 0.3)
  - FirebaseCore (4.0.20):
    - "GoogleToolboxForMac/NSData+zlib (~> 2.1)"
  - FirebaseInstanceID (2.0.10):
    - FirebaseCore (~> 4.0)
  - FirebaseMessaging (2.2.0):
    - FirebaseAnalytics (~> 4.1)
    - FirebaseCore (~> 4.0)
    - FirebaseInstanceID (~> 2.0)
    - GoogleToolboxForMac/Logger (~> 2.1)
    - Protobuf (~> 3.5)
  - FLAnimatedImage (1.0.12)
  - FMDB (2.7.2):
    - FMDB/standard (= 2.7.2)
  - FMDB/standard (2.7.2)
  - GoogleToolboxForMac/Defines (2.1.4)
  - GoogleToolboxForMac/Logger (2.1.4):
    - GoogleToolboxForMac/Defines (= 2.1.4)
  - "GoogleToolboxForMac/NSData+zlib (2.1.4)":
    - GoogleToolboxForMac/Defines (= 2.1.4)
  - IQKeyboardManager (3.3.7)
  - LKDBHelper (2.5.1):
    - LKDBHelper/standard (= 2.5.1)
  - LKDBHelper/standard (2.5.1):
    - FMDB
  - MarqueeLabel (2.5.3)
  - Masonry (1.1.0)
  - MJRefresh (3.1.15.3)
  - nanopb (0.3.901):
    - nanopb/decode (= 0.3.901)
    - nanopb/encode (= 0.3.901)
  - nanopb/decode (0.3.901)
  - nanopb/encode (0.3.901)
  - Protobuf (3.6.1)
  - PuddingVideoSDK (1.6.2):
    - PuddingVideoSDK/RBVideo (= 1.6.2)
    - PuddingVideoSDK/RBVideoFilter (= 1.6.2)
  - PuddingVideoSDK/RBVideo (1.6.2)
  - PuddingVideoSDK/RBVideoFilter (1.6.2):
    - PuddingVideoSDK/RBVideo
  - RBAlterView (1.1.4):
    - YYKit (~> 1.0)
  - RBLogManager (0.1.6)
  - RBNetwork (0.5.0):
    - AFNetworking
  - RBUtils (1.0.8)
  - ReactiveCocoa (2.5):
    - ReactiveCocoa/UI (= 2.5)
  - ReactiveCocoa/Core (2.5):
    - ReactiveCocoa/no-arc
  - ReactiveCocoa/no-arc (2.5)
  - ReactiveCocoa/UI (2.5):
    - ReactiveCocoa/Core
  - ReactiveViewModel (0.1.1):
    - ReactiveCocoa (~> 2.1)
  - SSZipArchive (2.1.3)
  - TheAmazingAudioEngine (1.5.8)
  - "UITableView+FDTemplateLayoutCell (1.6)"
  - UMengAnalytics-NO-IDFA (4.2.5)
  - YYKit (1.0.9):
    - YYKit/no-arc (= 1.0.9)
  - YYKit/no-arc (1.0.9)

DEPENDENCIES:
  - CocoaAsyncSocket (~> 7.6.3)
  - CocoaLumberjack (~> 3.0.0)
  - Firebase/Core
  - Firebase/Messaging
  - FLAnimatedImage
  - IQKeyboardManager
  - LKDBHelper
  - MarqueeLabel (~> 2.5.0)
  - Masonry
  - MJRefresh
  - PuddingVideoSDK
  - "RBAlterView (from `git@git.365jiating.com:zhikuiyu/RBAlterView.git`)"
  - RBLogManager
  - RBNetwork
  - RBUtils (from `https://github.com/baxiang/RBUtils.git`)
  - ReactiveCocoa
  - ReactiveViewModel (= 0.1.1)
  - SSZipArchive
  - TheAmazingAudioEngine
  - "UITableView+FDTemplateLayoutCell"
  - UMengAnalytics-NO-IDFA
  - YYKit

SPEC REPOS:
  https://git.oschina.net/roobospecs/roobospecs.git:
    - PuddingVideoSDK
    - RBLogManager
  https://github.com/cocoapods/specs.git:
    - AFNetworking
    - CocoaAsyncSocket
    - CocoaLumberjack
    - Firebase
    - FirebaseAnalytics
    - FirebaseCore
    - FirebaseInstanceID
    - FirebaseMessaging
    - FLAnimatedImage
    - FMDB
    - GoogleToolboxForMac
    - IQKeyboardManager
    - LKDBHelper
    - MarqueeLabel
    - Masonry
    - MJRefresh
    - nanopb
    - Protobuf
    - RBNetwork
    - ReactiveCocoa
    - ReactiveViewModel
    - SSZipArchive
    - TheAmazingAudioEngine
    - "UITableView+FDTemplateLayoutCell"
    - UMengAnalytics-NO-IDFA
    - YYKit

EXTERNAL SOURCES:
  RBAlterView:
    :git: "git@git.365jiating.com:zhikuiyu/RBAlterView.git"
  RBUtils:
    :git: https://github.com/baxiang/RBUtils.git

CHECKOUT OPTIONS:
  RBAlterView:
    :commit: 3959c230533391bbb09dc91be32d1278f6093f0f
    :git: "git@git.365jiating.com:zhikuiyu/RBAlterView.git"
  RBUtils:
    :commit: 20dd33f8517a01ab063c817c316acb726e59f4e9
    :git: https://github.com/baxiang/RBUtils.git

SPEC CHECKSUMS:
  AFNetworking: b6f891fdfaed196b46c7a83cf209e09697b94057
  CocoaAsyncSocket: eafaa68a7e0ec99ead0a7b35015e0bf25d2c8987
  CocoaLumberjack: c823149bccc5519a9447aeb433be7b1212a7d6a5
  Firebase: 5ec5e863d269d82d66b4bf56856726f8fb8f0fb3
  FirebaseAnalytics: 7ef69e76a5142f643aeb47c780e1cdce4e23632e
  FirebaseCore: 90cb1c53d69b556f112a1bf72b5fcfaad7650790
  FirebaseInstanceID: 8d20d890d65c917f9f7d9950b6e10a760ad34321
  FirebaseMessaging: 75cdb862e86c30e0913a2ff307e48d49357c5b73
  FLAnimatedImage: 4a0b56255d9b05f18b6dd7ee06871be5d3b89e31
  FMDB: 6198a90e7b6900cfc046e6bc0ef6ebb7be9236aa
  GoogleToolboxForMac: 91c824d21e85b31c2aae9bb011c5027c9b4e738f
  IQKeyboardManager: 249c3946acf61345c18b038eb50863fe2793e3a8
  LKDBHelper: 9a276ba51f2e16263d46a9517e16cc9b03472664
  MarqueeLabel: 75141981dd9a09e591e34268753b45cb29f28cff
  Masonry: 678fab65091a9290e40e2832a55e7ab731aad201
  MJRefresh: b48380ae2b927b46c4ef000de9adb8dc748e1df7
  nanopb: 2901f78ea1b7b4015c860c2fdd1ea2fee1a18d48
  Protobuf: 1eb9700044745f00181c136ef21b8ff3ad5a0fd5
  PuddingVideoSDK: 58902e18e74b3314a572d5c8dcaafd6a9bdaa2fc
  RBAlterView: 23486486108ca571c870231f5656549a5e50b836
  RBLogManager: 0e2632e88e30cff87bafedb15f4a11b58bb97171
  RBNetwork: 4e3e0d89160f112fc100b7acc6caf654a7fe4e04
  RBUtils: e8a0ad6562b00a099f876e753284973464e2d951
  ReactiveCocoa: e2db045570aa97c695e7aa97c2bcab222ae51f4a
  ReactiveViewModel: 171492c2d30d3eb3c89730fd180c0f6a2ae7e774
  SSZipArchive: 51a800ebb77f95a8329b6ced1faaff394b47f509
  TheAmazingAudioEngine: 24e382d9468283bb1b3f08df29b514aa522ef4fd
  "UITableView+FDTemplateLayoutCell": 5c949b4a5059c404b442926c0e80f81d10a2d66f
  UMengAnalytics-NO-IDFA: 16666e32edce5be44ae5b14aaaa7f3582e09d6ab
  YYKit: 7cda43304a8dc3696c449041e2cb3107b4e236e7

PODFILE CHECKSUM: 71d113524ca3becd8a1306d5f67d3be936e63704

COCOAPODS: 1.5.3
